PODS:
  - Flutter (1.0.0)
  - hyperpay (0.0.1):
    - Flutter

DEPENDENCIES:
  - Flutter (from `Flutter`)
  - hyperpay (from `.symlinks/plugins/hyperpay/ios`)

EXTERNAL SOURCES:
  Flutter:
    :path: Flutter
  hyperpay:
    :path: ".symlinks/plugins/hyperpay/ios"

SPEC CHECKSUMS:
  Flutter: 434fef37c0980e73bb6479ef766c45957d4b510c
  hyperpay: 361e9ff457406fdbea93d96e7b78f3c45ec48cfb

PODFILE CHECKSUM: 1d62be80675f50e63eb2f851d55ee75f09951c1b

COCOAPODS: 1.10.0
