PODS:
  - Flutter (1.0.0)
  - hyperpay (0.0.1):
    - Flutter

DEPENDENCIES:
  - Flutter (from `Flutter`)
  - hyperpay (from `.symlinks/plugins/hyperpay/ios`)

EXTERNAL SOURCES:
  Flutter:
    :path: Flutter
  hyperpay:
    :path: ".symlinks/plugins/hyperpay/ios"

SPEC CHECKSUMS:
  Flutter: 434fef37c0980e73bb6479ef766c45957d4b510c
  hyperpay: 06a0542f0d2f6a615c1468f337b519a6fb484e9c

PODFILE CHECKSUM: aafe91acc616949ddb318b77800a7f51bffa2a4c

COCOAPODS: 1.10.0
